
Microsoft Visual Studio Solution File, Format Version 12.00
# Visual Studio Version 17
VisualStudioVersion = 17.10.35122.118
MinimumVisualStudioVersion = 10.0.40219.1
Project("{FAE04EC0-301F-11D3-BF4B-00C04F79EFBC}") = "AprendidendoAritmetica", "AprendidendoAritmetica\AprendidendoAritmetica.csproj", "{233673F3-8DED-44AB-9E70-E3EB59FB9F59}"
EndProject
Global
	GlobalSection(SolutionConfigurationPlatforms) = preSolution
		Debug|Any CPU = Debug|Any CPU
		Release|Any CPU = Release|Any CPU
	EndGlobalSection
	GlobalSection(ProjectConfigurationPlatforms) = postSolution
		{233673F3-8DED-44AB-9E70-E3EB59FB9F59}.Debug|Any CPU.ActiveCfg = Debug|Any CPU
		{233673F3-8DED-44AB-9E70-E3EB59FB9F59}.Debug|Any CPU.Build.0 = Debug|Any CPU
		{233673F3-8DED-44AB-9E70-E3EB59FB9F59}.Release|Any CPU.ActiveCfg = Release|Any CPU
		{233673F3-8DED-44AB-9E70-E3EB59FB9F59}.Release|Any CPU.Build.0 = Release|Any CPU
	EndGlobalSection
	GlobalSection(SolutionProperties) = preSolution
		HideSolutionNode = FALSE
	EndGlobalSection
	GlobalSection(ExtensibilityGlobals) = postSolution
		SolutionGuid = {8DE9F2E6-E607-4A00-9655-83BC3F5608FF}
	EndGlobalSection
EndGlobal
